
Microsoft Visual Studio Solution File, Format Version 12.00
# Visual Studio 14
VisualStudioVersion = 14.0.25420.1
MinimumVisualStudioVersion = 10.0.40219.1
Project("{FAE04EC0-301F-11D3-BF4B-00C04F79EFBC}") = "Customer Data", "Customer Data\Customer Data.csproj", "{A881C950-94E2-4E1E-A021-88F71D94A5F5}"
EndProject
Project("{FAE04EC0-301F-11D3-BF4B-00C04F79EFBC}") = "DataAccess", "DataAccess\DataAccess.csproj", "{FF3757B2-3EAA-428A-B6EB-5BA8AA053767}"
EndProject
Project("{FAE04EC0-301F-11D3-BF4B-00C04F79EFBC}") = "CustomerDataEntryWeb", "CustomerDataEntryWeb\CustomerDataEntryWeb.csproj", "{BE650234-D7C0-4D13-A724-595F913F2A5C}"
EndProject
Global
	GlobalSection(SolutionConfigurationPlatforms) = preSolution
		Debug|Any CPU = Debug|Any CPU
		Release|Any CPU = Release|Any CPU
	EndGlobalSection
	GlobalSection(ProjectConfigurationPlatforms) = postSolution
		{A881C950-94E2-4E1E-A021-88F71D94A5F5}.Debug|Any CPU.ActiveCfg = Debug|Any CPU
		{A881C950-94E2-4E1E-A021-88F71D94A5F5}.Debug|Any CPU.Build.0 = Debug|Any CPU
		{A881C950-94E2-4E1E-A021-88F71D94A5F5}.Release|Any CPU.ActiveCfg = Release|Any CPU
		{A881C950-94E2-4E1E-A021-88F71D94A5F5}.Release|Any CPU.Build.0 = Release|Any CPU
		{FF3757B2-3EAA-428A-B6EB-5BA8AA053767}.Debug|Any CPU.ActiveCfg = Debug|Any CPU
		{FF3757B2-3EAA-428A-B6EB-5BA8AA053767}.Debug|Any CPU.Build.0 = Debug|Any CPU
		{FF3757B2-3EAA-428A-B6EB-5BA8AA053767}.Release|Any CPU.ActiveCfg = Release|Any CPU
		{FF3757B2-3EAA-428A-B6EB-5BA8AA053767}.Release|Any CPU.Build.0 = Release|Any CPU
		{BE650234-D7C0-4D13-A724-595F913F2A5C}.Debug|Any CPU.ActiveCfg = Debug|Any CPU
		{BE650234-D7C0-4D13-A724-595F913F2A5C}.Debug|Any CPU.Build.0 = Debug|Any CPU
		{BE650234-D7C0-4D13-A724-595F913F2A5C}.Release|Any CPU.ActiveCfg = Release|Any CPU
		{BE650234-D7C0-4D13-A724-595F913F2A5C}.Release|Any CPU.Build.0 = Release|Any CPU
	EndGlobalSection
	GlobalSection(SolutionProperties) = preSolution
		HideSolutionNode = FALSE
	EndGlobalSection
EndGlobal
